
Microsoft Visual Studio Solution File, Format Version 12.00
# Visual Studio Version 17
VisualStudioVersion = 17.7.34024.191
MinimumVisualStudioVersion = 10.0.40219.1
Project("{FAE04EC0-301F-11D3-BF4B-00C04F79EFBC}") = "RealEstateWebsite", "RealEstateWebsite.csproj", "{7DDB0D2C-1468-4D52-B02D-79BD4509C70A}"
EndProject
Global
	GlobalSection(SolutionConfigurationPlatforms) = preSolution
		Debug|Any CPU = Debug|Any CPU
		Release|Any CPU = Release|Any CPU
	EndGlobalSection
	GlobalSection(ProjectConfigurationPlatforms) = postSolution
		{7DDB0D2C-1468-4D52-B02D-79BD4509C70A}.Debug|Any CPU.ActiveCfg = Debug|Any CPU
		{7DDB0D2C-1468-4D52-B02D-79BD4509C70A}.Debug|Any CPU.Build.0 = Debug|Any CPU
		{7DDB0D2C-1468-4D52-B02D-79BD4509C70A}.Release|Any CPU.ActiveCfg = Release|Any CPU
		{7DDB0D2C-1468-4D52-B02D-79BD4509C70A}.Release|Any CPU.Build.0 = Release|Any CPU
	EndGlobalSection
	GlobalSection(SolutionProperties) = preSolution
		HideSolutionNode = FALSE
	EndGlobalSection
	GlobalSection(ExtensibilityGlobals) = postSolution
		SolutionGuid = {BA97BCFB-D6A1-49BF-B19D-B7AE93E0CDA2}
	EndGlobalSection
EndGlobal
